
Microsoft Visual Studio Solution File, Format Version 12.00
# Visual Studio Version 17
VisualStudioVersion = 17.4.33205.214
MinimumVisualStudioVersion = 10.0.40219.1
Project("{FAE04EC0-301F-11D3-BF4B-00C04F79EFBC}") = "List_Yapısı_ve_List_ile_Öğrenci_Bilgileri_Kaydetme", "List_Yapısı_ve_List_ile_Öğrenci_Bilgileri_Kaydetme\List_Yapısı_ve_List_ile_Öğrenci_Bilgileri_Kaydetme.csproj", "{79339CA7-3004-465F-9814-7C3276AAC328}"
EndProject
Global
	GlobalSection(SolutionConfigurationPlatforms) = preSolution
		Debug|Any CPU = Debug|Any CPU
		Release|Any CPU = Release|Any CPU
	EndGlobalSection
	GlobalSection(ProjectConfigurationPlatforms) = postSolution
		{79339CA7-3004-465F-9814-7C3276AAC328}.Debug|Any CPU.ActiveCfg = Debug|Any CPU
		{79339CA7-3004-465F-9814-7C3276AAC328}.Debug|Any CPU.Build.0 = Debug|Any CPU
		{79339CA7-3004-465F-9814-7C3276AAC328}.Release|Any CPU.ActiveCfg = Release|Any CPU
		{79339CA7-3004-465F-9814-7C3276AAC328}.Release|Any CPU.Build.0 = Release|Any CPU
	EndGlobalSection
	GlobalSection(SolutionProperties) = preSolution
		HideSolutionNode = FALSE
	EndGlobalSection
	GlobalSection(ExtensibilityGlobals) = postSolution
		SolutionGuid = {3430A51B-B793-4554-B065-F11860E956F4}
	EndGlobalSection
EndGlobal
